
Microsoft Visual Studio Solution File, Format Version 12.00
# Visual Studio 2013
VisualStudioVersion = 12.0.40629.0
MinimumVisualStudioVersion = 10.0.40219.1
Project("{FAE04EC0-301F-11D3-BF4B-00C04F79EFBC}") = "Hu.Liang.MVC", "..\Hu.Liang.MVC\Hu.Liang.MVC.csproj", "{AB6DB715-34DE-4988-90E8-1727FA65ED1B}"
EndProject
Project("{2150E333-8FDC-42A3-9474-1A3956D46DE8}") = "Client", "Client", "{7067E8E5-0A25-40D7-BB7A-55AC375C039A}"
EndProject
Project("{2150E333-8FDC-42A3-9474-1A3956D46DE8}") = "Bussiness", "Bussiness", "{FE5D6B8D-489C-4684-941F-4F099D81A273}"
EndProject
Project("{FAE04EC0-301F-11D3-BF4B-00C04F79EFBC}") = "Hu.Liang.EF", "Hu.Liang.EF\Hu.Liang.EF.csproj", "{549A089E-5710-429D-9FBD-E08D77D14912}"
EndProject
Project("{FAE04EC0-301F-11D3-BF4B-00C04F79EFBC}") = "Hu.Liang.Interface", "Hu.Liang.Interface\Hu.Liang.Interface.csproj", "{3159B68E-42DA-42C5-93D8-C34B09DACEDB}"
EndProject
Project("{FAE04EC0-301F-11D3-BF4B-00C04F79EFBC}") = "Hu.Liang.Server", "Hu.Liang.Server\Hu.Liang.Server.csproj", "{D3E53DCC-F25E-463B-8C84-AAC3A65BC270}"
EndProject
Project("{2150E333-8FDC-42A3-9474-1A3956D46DE8}") = "Common", "Common", "{091286FB-0C3A-404C-AA21-AC61A3204D1A}"
EndProject
Project("{FAE04EC0-301F-11D3-BF4B-00C04F79EFBC}") = "Hu.Liang.Framework", "Hu.Liang.Framework\Hu.Liang.Framework.csproj", "{5E5CB91C-D0CF-484D-AA20-DDFB4B48622B}"
EndProject
Project("{FAE04EC0-301F-11D3-BF4B-00C04F79EFBC}") = "Hu.Liang.Tools", "Hu.Liang.Tools\Hu.Liang.Tools.csproj", "{46488196-1A65-46B7-A245-AABC96238756}"
EndProject
Project("{FAE04EC0-301F-11D3-BF4B-00C04F79EFBC}") = "Hu.Liang.ViewModel", "Hu.Liang.ViewModel\Hu.Liang.ViewModel.csproj", "{0043A2CE-5381-4C0C-8820-AE0E2D52F787}"
EndProject
Global
	GlobalSection(SolutionConfigurationPlatforms) = preSolution
		Debug|Any CPU = Debug|Any CPU
		Release|Any CPU = Release|Any CPU
	EndGlobalSection
	GlobalSection(ProjectConfigurationPlatforms) = postSolution
		{AB6DB715-34DE-4988-90E8-1727FA65ED1B}.Debug|Any CPU.ActiveCfg = Debug|Any CPU
		{AB6DB715-34DE-4988-90E8-1727FA65ED1B}.Debug|Any CPU.Build.0 = Debug|Any CPU
		{AB6DB715-34DE-4988-90E8-1727FA65ED1B}.Release|Any CPU.ActiveCfg = Release|Any CPU
		{AB6DB715-34DE-4988-90E8-1727FA65ED1B}.Release|Any CPU.Build.0 = Release|Any CPU
		{549A089E-5710-429D-9FBD-E08D77D14912}.Debug|Any CPU.ActiveCfg = Debug|Any CPU
		{549A089E-5710-429D-9FBD-E08D77D14912}.Debug|Any CPU.Build.0 = Debug|Any CPU
		{549A089E-5710-429D-9FBD-E08D77D14912}.Release|Any CPU.ActiveCfg = Release|Any CPU
		{549A089E-5710-429D-9FBD-E08D77D14912}.Release|Any CPU.Build.0 = Release|Any CPU
		{3159B68E-42DA-42C5-93D8-C34B09DACEDB}.Debug|Any CPU.ActiveCfg = Debug|Any CPU
		{3159B68E-42DA-42C5-93D8-C34B09DACEDB}.Debug|Any CPU.Build.0 = Debug|Any CPU
		{3159B68E-42DA-42C5-93D8-C34B09DACEDB}.Release|Any CPU.ActiveCfg = Release|Any CPU
		{3159B68E-42DA-42C5-93D8-C34B09DACEDB}.Release|Any CPU.Build.0 = Release|Any CPU
		{D3E53DCC-F25E-463B-8C84-AAC3A65BC270}.Debug|Any CPU.ActiveCfg = Debug|Any CPU
		{D3E53DCC-F25E-463B-8C84-AAC3A65BC270}.Debug|Any CPU.Build.0 = Debug|Any CPU
		{D3E53DCC-F25E-463B-8C84-AAC3A65BC270}.Release|Any CPU.ActiveCfg = Release|Any CPU
		{D3E53DCC-F25E-463B-8C84-AAC3A65BC270}.Release|Any CPU.Build.0 = Release|Any CPU
		{5E5CB91C-D0CF-484D-AA20-DDFB4B48622B}.Debug|Any CPU.ActiveCfg = Debug|Any CPU
		{5E5CB91C-D0CF-484D-AA20-DDFB4B48622B}.Debug|Any CPU.Build.0 = Debug|Any CPU
		{5E5CB91C-D0CF-484D-AA20-DDFB4B48622B}.Release|Any CPU.ActiveCfg = Release|Any CPU
		{5E5CB91C-D0CF-484D-AA20-DDFB4B48622B}.Release|Any CPU.Build.0 = Release|Any CPU
		{46488196-1A65-46B7-A245-AABC96238756}.Debug|Any CPU.ActiveCfg = Debug|Any CPU
		{46488196-1A65-46B7-A245-AABC96238756}.Debug|Any CPU.Build.0 = Debug|Any CPU
		{46488196-1A65-46B7-A245-AABC96238756}.Release|Any CPU.ActiveCfg = Release|Any CPU
		{46488196-1A65-46B7-A245-AABC96238756}.Release|Any CPU.Build.0 = Release|Any CPU
		{0043A2CE-5381-4C0C-8820-AE0E2D52F787}.Debug|Any CPU.ActiveCfg = Debug|Any CPU
		{0043A2CE-5381-4C0C-8820-AE0E2D52F787}.Debug|Any CPU.Build.0 = Debug|Any CPU
		{0043A2CE-5381-4C0C-8820-AE0E2D52F787}.Release|Any CPU.ActiveCfg = Release|Any CPU
		{0043A2CE-5381-4C0C-8820-AE0E2D52F787}.Release|Any CPU.Build.0 = Release|Any CPU
	EndGlobalSection
	GlobalSection(SolutionProperties) = preSolution
		HideSolutionNode = FALSE
	EndGlobalSection
	GlobalSection(NestedProjects) = preSolution
		{AB6DB715-34DE-4988-90E8-1727FA65ED1B} = {7067E8E5-0A25-40D7-BB7A-55AC375C039A}
		{549A089E-5710-429D-9FBD-E08D77D14912} = {FE5D6B8D-489C-4684-941F-4F099D81A273}
		{3159B68E-42DA-42C5-93D8-C34B09DACEDB} = {FE5D6B8D-489C-4684-941F-4F099D81A273}
		{D3E53DCC-F25E-463B-8C84-AAC3A65BC270} = {FE5D6B8D-489C-4684-941F-4F099D81A273}
		{5E5CB91C-D0CF-484D-AA20-DDFB4B48622B} = {091286FB-0C3A-404C-AA21-AC61A3204D1A}
		{46488196-1A65-46B7-A245-AABC96238756} = {091286FB-0C3A-404C-AA21-AC61A3204D1A}
		{0043A2CE-5381-4C0C-8820-AE0E2D52F787} = {091286FB-0C3A-404C-AA21-AC61A3204D1A}
	EndGlobalSection
EndGlobal
